// !$*UTF8*$!
{
	archiveVersion = 1;
	classes = {
	};
	objectVersion = 50;
	objects = {

/* Begin PBXBuildFile section */
		917394CF20A28B7F00FB5772 /* AppDelegate.swift in Sources */ = {isa = PBXBuildFile; fileRef = 917394CE20A28B7F00FB5772 /* AppDelegate.swift */; };
		917394D120A28B7F00FB5772 /* ViewController.swift in Sources */ = {isa = PBXBuildFile; fileRef = 917394D020A28B7F00FB5772 /* ViewController.swift */; };
		917394D420A28B7F00FB5772 /* Main.storyboard in Resources */ = {isa = PBXBuildFile; fileRef = 917394D220A28B7F00FB5772 /* Main.storyboard */; };
		917394D620A28B8100FB5772 /* Assets.xcassets in Resources */ = {isa = PBXBuildFile; fileRef = 917394D520A28B8100FB5772 /* Assets.xcassets */; };
		917394D920A28B8100FB5772 /* LaunchScreen.storyboard in Resources */ = {isa = PBXBuildFile; fileRef = 917394D720A28B8100FB5772 /* LaunchScreen.storyboard */; };
		917394E420A28B8100FB5772 /* FinalAppTests.swift in Sources */ = {isa = PBXBuildFile; fileRef = 917394E320A28B8100FB5772 /* FinalAppTests.swift */; };
		917394EF20A28B8100FB5772 /* FinalAppUITests.swift in Sources */ = {isa = PBXBuildFile; fileRef = 917394EE20A28B8100FB5772 /* FinalAppUITests.swift */; };
/* End PBXBuildFile section */

/* Begin PBXContainerItemProxy section */
		917394E020A28B8100FB5772 /* PBXContainerItemProxy */ = {
			isa = PBXContainerItemProxy;
			containerPortal = 917394C320A28B7F00FB5772 /* Project object */;
			proxyType = 1;
			remoteGlobalIDString = 917394CA20A28B7F00FB5772;
			remoteInfo = FinalApp;
		};
		917394EB20A28B8100FB5772 /* PBXContainerItemProxy */ = {
			isa = PBXContainerItemProxy;
			containerPortal = 917394C320A28B7F00FB5772 /* Project object */;
			proxyType = 1;
			remoteGlobalIDString = 917394CA20A28B7F00FB5772;
			remoteInfo = FinalApp;
		};
/* End PBXContainerItemProxy section */

/* Begin PBXFileReference section */
		917394CB20A28B7F00FB5772 /* FinalApp.app */ = {isa = PBXFileReference; explicitFileType = wrapper.application; includeInIndex = 0; path = FinalApp.app; sourceTree = BUILT_PRODUCTS_DIR; };
		917394CE20A28B7F00FB5772 /* AppDelegate.swift */ = {isa = PBXFileReference; lastKnownFileType = sourcecode.swift; path = AppDelegate.swift; sourceTree = "<group>"; };
		917394D020A28B7F00FB5772 /* ViewController.swift */ = {isa = PBXFileReference; lastKnownFileType = sourcecode.swift; path = ViewController.swift; sourceTree = "<group>"; };
		917394D320A28B7F00FB5772 /* Base */ = {isa = PBXFileReference; lastKnownFileType = file.storyboard; name = Base; path = Base.lproj/Main.storyboard; sourceTree = "<group>"; };
		917394D520A28B8100FB5772 /* Assets.xcassets */ = {isa = PBXFileReference; lastKnownFileType = folder.assetcatalog; path = Assets.xcassets; sourceTree = "<group>"; };
		917394D820A28B8100FB5772 /* Base */ = {isa = PBXFileReference; lastKnownFileType = file.storyboard; name = Base; path = Base.lproj/LaunchScreen.storyboard; sourceTree = "<group>"; };
		917394DA20A28B8100FB5772 /* Info.plist */ = {isa = PBXFileReference; lastKnownFileType = text.plist.xml; path = Info.plist; sourceTree = "<group>"; };
		917394DF20A28B8100FB5772 /* FinalAppTests.xctest */ = {isa = PBXFileReference; explicitFileType = wrapper.cfbundle; includeInIndex = 0; path = FinalAppTests.xctest; sourceTree = BUILT_PRODUCTS_DIR; };
		917394E320A28B8100FB5772 /* FinalAppTests.swift */ = {isa = PBXFileReference; lastKnownFileType = sourcecode.swift; path = FinalAppTests.swift; sourceTree = "<group>"; };
		917394E520A28B8100FB5772 /* Info.plist */ = {isa = PBXFileReference; lastKnownFileType = text.plist.xml; path = Info.plist; sourceTree = "<group>"; };
		917394EA20A28B8100FB5772 /* FinalAppUITests.xctest */ = {isa = PBXFileReference; explicitFileType = wrapper.cfbundle; includeInIndex = 0; path = FinalAppUITests.xctest; sourceTree = BUILT_PRODUCTS_DIR; };
		917394EE20A28B8100FB5772 /* FinalAppUITests.swift */ = {isa = PBXFileReference; lastKnownFileType = sourcecode.swift; path = FinalAppUITests.swift; sourceTree = "<group>"; };
		917394F020A28B8100FB5772 /* Info.plist */ = {isa = PBXFileReference; lastKnownFileType = text.plist.xml; path = Info.plist; sourceTree = "<group>"; };
/* End PBXFileReference section */

/* Begin PBXFrameworksBuildPhase section */
		917394C820A28B7F00FB5772 /* Frameworks */ = {
			isa = PBXFrameworksBuildPhase;
			buildActionMask = 2147483647;
			files = (
			);
			runOnlyForDeploymentPostprocessing = 0;
		};
		917394DC20A28B8100FB5772 /* Frameworks */ = {
			isa = PBXFrameworksBuildPhase;
			buildActionMask = 2147483647;
			files = (
			);
			runOnlyForDeploymentPostprocessing = 0;
		};
		917394E720A28B8100FB5772 /* Frameworks */ = {
			isa = PBXFrameworksBuildPhase;
			buildActionMask = 2147483647;
			files = (
			);
			runOnlyForDeploymentPostprocessing = 0;
		};
/* End PBXFrameworksBuildPhase section */

/* Begin PBXGroup section */
		917394C220A28B7F00FB5772 = {
			isa = PBXGroup;
			children = (
				917394CD20A28B7F00FB5772 /* FinalApp */,
				917394E220A28B8100FB5772 /* FinalAppTests */,
				917394ED20A28B8100FB5772 /* FinalAppUITests */,
				917394CC20A28B7F00FB5772 /* Products */,
			);
			sourceTree = "<group>";
		};
		917394CC20A28B7F00FB5772 /* Products */ = {
			isa = PBXGroup;
			children = (
				917394CB20A28B7F00FB5772 /* FinalApp.app */,
				917394DF20A28B8100FB5772 /* FinalAppTests.xctest */,
				917394EA20A28B8100FB5772 /* FinalAppUITests.xctest */,
			);
			name = Products;
			sourceTree = "<group>";
		};
		917394CD20A28B7F00FB5772 /* FinalApp */ = {
			isa = PBXGroup;
			children = (
				917394CE20A28B7F00FB5772 /* AppDelegate.swift */,
				917394D020A28B7F00FB5772 /* ViewController.swift */,
				917394D220A28B7F00FB5772 /* Main.storyboard */,
				917394D520A28B8100FB5772 /* Assets.xcassets */,
				917394D720A28B8100FB5772 /* LaunchScreen.storyboard */,
				917394DA20A28B8100FB5772 /* Info.plist */,
			);
			path = FinalApp;
			sourceTree = "<group>";
		};
		917394E220A28B8100FB5772 /* FinalAppTests */ = {
			isa = PBXGroup;
			children = (
				917394E320A28B8100FB5772 /* FinalAppTests.swift */,
				917394E520A28B8100FB5772 /* Info.plist */,
			);
			path = FinalAppTests;
			sourceTree = "<group>";
		};
		917394ED20A28B8100FB5772 /* FinalAppUITests */ = {
			isa = PBXGroup;
			children = (
				917394EE20A28B8100FB5772 /* FinalAppUITests.swift */,
				917394F020A28B8100FB5772 /* Info.plist */,
			);
			path = FinalAppUITests;
			sourceTree = "<group>";
		};
/* End PBXGroup section */

/* Begin PBXNativeTarget section */
		917394CA20A28B7F00FB5772 /* FinalApp */ = {
			isa = PBXNativeTarget;
			buildConfigurationList = 917394F320A28B8100FB5772 /* Build configuration list for PBXNativeTarget "FinalApp" */;
			buildPhases = (
				917394C720A28B7F00FB5772 /* Sources */,
				917394C820A28B7F00FB5772 /* Frameworks */,
				917394C920A28B7F00FB5772 /* Resources */,
			);
			buildRules = (
			);
			dependencies = (
			);
			name = FinalApp;
			productName = FinalApp;
			productReference = 917394CB20A28B7F00FB5772 /* FinalApp.app */;
			productType = "com.apple.product-type.application";
		};
		917394DE20A28B8100FB5772 /* FinalAppTests */ = {
			isa = PBXNativeTarget;
			buildConfigurationList = 917394F620A28B8100FB5772 /* Build configuration list for PBXNativeTarget "FinalAppTests" */;
			buildPhases = (
				917394DB20A28B8100FB5772 /* Sources */,
				917394DC20A28B8100FB5772 /* Frameworks */,
				917394DD20A28B8100FB5772 /* Resources */,
			);
			buildRules = (
			);
			dependencies = (
				917394E120A28B8100FB5772 /* PBXTargetDependency */,
			);
			name = FinalAppTests;
			productName = FinalAppTests;
			productReference = 917394DF20A28B8100FB5772 /* FinalAppTests.xctest */;
			productType = "com.apple.product-type.bundle.unit-test";
		};
		917394E920A28B8100FB5772 /* FinalAppUITests */ = {
			isa = PBXNativeTarget;
			buildConfigurationList = 917394F920A28B8100FB5772 /* Build configuration list for PBXNativeTarget "FinalAppUITests" */;
			buildPhases = (
				917394E620A28B8100FB5772 /* Sources */,
				917394E720A28B8100FB5772 /* Frameworks */,
				917394E820A28B8100FB5772 /* Resources */,
			);
			buildRules = (
			);
			dependencies = (
				917394EC20A28B8100FB5772 /* PBXTargetDependency */,
			);
			name = FinalAppUITests;
			productName = FinalAppUITests;
			productReference = 917394EA20A28B8100FB5772 /* FinalAppUITests.xctest */;
			productType = "com.apple.product-type.bundle.ui-testing";
		};
/* End PBXNativeTarget section */

/* Begin PBXProject section */
		917394C320A28B7F00FB5772 /* Project object */ = {
			isa = PBXProject;
			attributes = {
				LastSwiftUpdateCheck = 0930;
				LastUpgradeCheck = 0930;
				ORGANIZATIONNAME = "Sashreek Bhagavatula";
				TargetAttributes = {
					917394CA20A28B7F00FB5772 = {
						CreatedOnToolsVersion = 9.3;
					};
					917394DE20A28B8100FB5772 = {
						CreatedOnToolsVersion = 9.3;
						TestTargetID = 917394CA20A28B7F00FB5772;
					};
					917394E920A28B8100FB5772 = {
						CreatedOnToolsVersion = 9.3;
						TestTargetID = 917394CA20A28B7F00FB5772;
					};
				};
			};
			buildConfigurationList = 917394C620A28B7F00FB5772 /* Build configuration list for PBXProject "FinalApp" */;
			compatibilityVersion = "Xcode 9.3";
			developmentRegion = en;
			hasScannedForEncodings = 0;
			knownRegions = (
				en,
				Base,
			);
			mainGroup = 917394C220A28B7F00FB5772;
			productRefGroup = 917394CC20A28B7F00FB5772 /* Products */;
			projectDirPath = "";
			projectRoot = "";
			targets = (
				917394CA20A28B7F00FB5772 /* FinalApp */,
				917394DE20A28B8100FB5772 /* FinalAppTests */,
				917394E920A28B8100FB5772 /* FinalAppUITests */,
			);
		};
/* End PBXProject section */

/* Begin PBXResourcesBuildPhase section */
		917394C920A28B7F00FB5772 /* Resources */ = {
			isa = PBXResourcesBuildPhase;
			buildActionMask = 2147483647;
			files = (
				917394D920A28B8100FB5772 /* LaunchScreen.storyboard in Resources */,
				917394D620A28B8100FB5772 /* Assets.xcassets in Resources */,
				917394D420A28B7F00FB5772 /* Main.storyboard in Resources */,
			);
			runOnlyForDeploymentPostprocessing = 0;
		};
		917394DD20A28B8100FB5772 /* Resources */ = {
			isa = PBXResourcesBuildPhase;
			buildActionMask = 2147483647;
			files = (
			);
			runOnlyForDeploymentPostprocessing = 0;
		};
		917394E820A28B8100FB5772 /* Resources */ = {
			isa = PBXResourcesBuildPhase;
			buildActionMask = 2147483647;
			files = (
			);
			runOnlyForDeploymentPostprocessing = 0;
		};
/* End PBXResourcesBuildPhase section */

/* Begin PBXSourcesBuildPhase section */
		917394C720A28B7F00FB5772 /* Sources */ = {
			isa = PBXSourcesBuildPhase;
			buildActionMask = 2147483647;
			files = (
				917394D120A28B7F00FB5772 /* ViewController.swift in Sources */,
				917394CF20A28B7F00FB5772 /* AppDelegate.swift in Sources */,
			);
			runOnlyForDeploymentPostprocessing = 0;
		};
		917394DB20A28B8100FB5772 /* Sources */ = {
			isa = PBXSourcesBuildPhase;
			buildActionMask = 2147483647;
			files = (
				917394E420A28B8100FB5772 /* FinalAppTests.swift in Sources */,
			);
			runOnlyForDeploymentPostprocessing = 0;
		};
		917394E620A28B8100FB5772 /* Sources */ = {
			isa = PBXSourcesBuildPhase;
			buildActionMask = 2147483647;
			files = (
				917394EF20A28B8100FB5772 /* FinalAppUITests.swift in Sources */,
			);
			runOnlyForDeploymentPostprocessing = 0;
		};
/* End PBXSourcesBuildPhase section */

/* Begin PBXTargetDependency section */
		917394E120A28B8100FB5772 /* PBXTargetDependency */ = {
			isa = PBXTargetDependency;
			target = 917394CA20A28B7F00FB5772 /* FinalApp */;
			targetProxy = 917394E020A28B8100FB5772 /* PBXContainerItemProxy */;
		};
		917394EC20A28B8100FB5772 /* PBXTargetDependency */ = {
			isa = PBXTargetDependency;
			target = 917394CA20A28B7F00FB5772 /* FinalApp */;
			targetProxy = 917394EB20A28B8100FB5772 /* PBXContainerItemProxy */;
		};
/* End PBXTargetDependency section */

/* Begin PBXVariantGroup section */
		917394D220A28B7F00FB5772 /* Main.storyboard */ = {
			isa = PBXVariantGroup;
			children = (
				917394D320A28B7F00FB5772 /* Base */,
			);
			name = Main.storyboard;
			sourceTree = "<group>";
		};
		917394D720A28B8100FB5772 /* LaunchScreen.storyboard */ = {
			isa = PBXVariantGroup;
			children = (
				917394D820A28B8100FB5772 /* Base */,
			);
			name = LaunchScreen.storyboard;
			sourceTree = "<group>";
		};
/* End PBXVariantGroup section */

/* Begin XCBuildConfiguration section */
		917394F120A28B8100FB5772 /* Debug */ = {
			isa = XCBuildConfiguration;
			buildSettings = {
				ALWAYS_SEARCH_USER_PATHS = NO;
				CLANG_ANALYZER_NONNULL = YES;
				CLANG_ANALYZER_NUMBER_OBJECT_CONVERSION = YES_AGGRESSIVE;
				CLANG_CXX_LANGUAGE_STANDARD = "gnu++14";
				CLANG_CXX_LIBRARY = "libc++";
				CLANG_ENABLE_MODULES = YES;
				CLANG_ENABLE_OBJC_ARC = YES;
				CLANG_ENABLE_OBJC_WEAK = YES;
				CLANG_WARN_BLOCK_CAPTURE_AUTORELEASING = YES;
				CLANG_WARN_BOOL_CONVERSION = YES;
				CLANG_WARN_COMMA = YES;
				CLANG_WARN_CONSTANT_CONVERSION = YES;
				CLANG_WARN_DEPRECATED_OBJC_IMPLEMENTATIONS = YES;
				CLANG_WARN_DIRECT_OBJC_ISA_USAGE = YES_ERROR;
				CLANG_WARN_DOCUMENTATION_COMMENTS = YES;
				CLANG_WARN_EMPTY_BODY = YES;
				CLANG_WARN_ENUM_CONVERSION = YES;
				CLANG_WARN_INFINITE_RECURSION = YES;
				CLANG_WARN_INT_CONVERSION = YES;
				CLANG_WARN_NON_LITERAL_NULL_CONVERSION = YES;
				CLANG_WARN_OBJC_IMPLICIT_RETAIN_SELF = YES;
				CLANG_WARN_OBJC_LITERAL_CONVERSION = YES;
				CLANG_WARN_OBJC_ROOT_CLASS = YES_ERROR;
				CLANG_WARN_RANGE_LOOP_ANALYSIS = YES;
				CLANG_WARN_STRICT_PROTOTYPES = YES;
				CLANG_WARN_SUSPICIOUS_MOVE = YES;
				CLANG_WARN_UNGUARDED_AVAILABILITY = YES_AGGRESSIVE;
				CLANG_WARN_UNREACHABLE_CODE = YES;
				CLANG_WARN__DUPLICATE_METHOD_MATCH = YES;
				CODE_SIGN_IDENTITY = "iPhone Developer";
				COPY_PHASE_STRIP = NO;
				DEBUG_INFORMATION_FORMAT = dwarf;
				ENABLE_STRICT_OBJC_MSGSEND = YES;
				ENABLE_TESTABILITY = YES;
				GCC_C_LANGUAGE_STANDARD = gnu11;
				GCC_DYNAMIC_NO_PIC = NO;
				GCC_NO_COMMON_BLOCKS = YES;
				GCC_OPTIMIZATION_LEVEL = 0;
				GCC_PREPROCESSOR_DEFINITIONS = (
					"DEBUG=1",
					"$(inherited)",
				);
				GCC_WARN_64_TO_32_BIT_CONVERSION = YES;
				GCC_WARN_ABOUT_RETURN_TYPE = YES_ERROR;
				GCC_WARN_UNDECLARED_SELECTOR = YES;
				GCC_WARN_UNINITIALIZED_AUTOS = YES_AGGRESSIVE;
				GCC_WARN_UNUSED_FUNCTION = YES;
				GCC_WARN_UNUSED_VARIABLE = YES;
				IPHONEOS_DEPLOYMENT_TARGET = 11.3;
				MTL_ENABLE_DEBUG_INFO = YES;
				ONLY_ACTIVE_ARCH = YES;
				SDKROOT = iphoneos;
				SWIFT_ACTIVE_COMPILATION_CONDITIONS = DEBUG;
				SWIFT_OPTIMIZATION_LEVEL = "-Onone";
			};
			name = Debug;
		};
		917394F220A28B8100FB5772 /* Release */ = {
			isa = XCBuildConfiguration;
			buildSettings = {
				ALWAYS_SEARCH_USER_PATHS = NO;
				CLANG_ANALYZER_NONNULL = YES;
				CLANG_ANALYZER_NUMBER_OBJECT_CONVERSION = YES_AGGRESSIVE;
				CLANG_CXX_LANGUAGE_STANDARD = "gnu++14";
				CLANG_CXX_LIBRARY = "libc++";
				CLANG_ENABLE_MODULES = YES;
				CLANG_ENABLE_OBJC_ARC = YES;
				CLANG_ENABLE_OBJC_WEAK = YES;
				CLANG_WARN_BLOCK_CAPTURE_AUTORELEASING = YES;
				CLANG_WARN_BOOL_CONVERSION = YES;
				CLANG_WARN_COMMA = YES;
				CLANG_WARN_CONSTANT_CONVERSION = YES;
				CLANG_WARN_DEPRECATED_OBJC_IMPLEMENTATIONS = YES;
				CLANG_WARN_DIRECT_OBJC_ISA_USAGE = YES_ERROR;
				CLANG_WARN_DOCUMENTATION_COMMENTS = YES;
				CLANG_WARN_EMPTY_BODY = YES;
				CLANG_WARN_ENUM_CONVERSION = YES;
				CLANG_WARN_INFINITE_RECURSION = YES;
				CLANG_WARN_INT_CONVERSION = YES;
				CLANG_WARN_NON_LITERAL_NULL_CONVERSION = YES;
				CLANG_WARN_OBJC_IMPLICIT_RETAIN_SELF = YES;
				CLANG_WARN_OBJC_LITERAL_CONVERSION = YES;
				CLANG_WARN_OBJC_ROOT_CLASS = YES_ERROR;
				CLANG_WARN_RANGE_LOOP_ANALYSIS = YES;
				CLANG_WARN_STRICT_PROTOTYPES = YES;
				CLANG_WARN_SUSPICIOUS_MOVE = YES;
				CLANG_WARN_UNGUARDED_AVAILABILITY = YES_AGGRESSIVE;
				CLANG_WARN_UNREACHABLE_CODE = YES;
				CLANG_WARN__DUPLICATE_METHOD_MATCH = YES;
				CODE_SIGN_IDENTITY = "iPhone Developer";
				COPY_PHASE_STRIP = NO;
				DEBUG_INFORMATION_FORMAT = "dwarf-with-dsym";
				ENABLE_NS_ASSERTIONS = NO;
				ENABLE_STRICT_OBJC_MSGSEND = YES;
				GCC_C_LANGUAGE_STANDARD = gnu11;
				GCC_NO_COMMON_BLOCKS = YES;
				GCC_WARN_64_TO_32_BIT_CONVERSION = YES;
				GCC_WARN_ABOUT_RETURN_TYPE = YES_ERROR;
				GCC_WARN_UNDECLARED_SELECTOR = YES;
				GCC_WARN_UNINITIALIZED_AUTOS = YES_AGGRESSIVE;
				GCC_WARN_UNUSED_FUNCTION = YES;
				GCC_WARN_UNUSED_VARIABLE = YES;
				IPHONEOS_DEPLOYMENT_TARGET = 11.3;
				MTL_ENABLE_DEBUG_INFO = NO;
				SDKROOT = iphoneos;
				SWIFT_COMPILATION_MODE = wholemodule;
				SWIFT_OPTIMIZATION_LEVEL = "-O";
				VALIDATE_PRODUCT = YES;
			};
			name = Release;
		};
		917394F420A28B8100FB5772 /* Debug */ = {
			isa = XCBuildConfiguration;
			buildSettings = {
				ASSETCATALOG_COMPILER_APPICON_NAME = AppIcon;
				CODE_SIGN_STYLE = Automatic;
				DEVELOPMENT_TEAM = 97KS9CMMW2;
				INFOPLIST_FILE = FinalApp/Info.plist;
				LD_RUNPATH_SEARCH_PATHS = (
					"$(inherited)",
					"@executable_path/Frameworks",
				);
				PRODUCT_BUNDLE_IDENTIFIER = Sashreek.FinalApp;
				PRODUCT_NAME = "$(TARGET_NAME)";
				SWIFT_VERSION = 4.0;
				TARGETED_DEVICE_FAMILY = "1,2";
			};
			name = Debug;
		};
		917394F520A28B8100FB5772 /* Release */ = {
			isa = XCBuildConfiguration;
			buildSettings = {
				ASSETCATALOG_COMPILER_APPICON_NAME = AppIcon;
				CODE_SIGN_STYLE = Automatic;
				DEVELOPMENT_TEAM = 97KS9CMMW2;
				INFOPLIST_FILE = FinalApp/Info.plist;
				LD_RUNPATH_SEARCH_PATHS = (
					"$(inherited)",
					"@executable_path/Frameworks",
				);
				PRODUCT_BUNDLE_IDENTIFIER = Sashreek.FinalApp;
				PRODUCT_NAME = "$(TARGET_NAME)";
				SWIFT_VERSION = 4.0;
				TARGETED_DEVICE_FAMILY = "1,2";
			};
			name = Release;
		};
		917394F720A28B8100FB5772 /* Debug */ = {
			isa = XCBuildConfiguration;
			buildSettings = {
				ALWAYS_EMBED_SWIFT_STANDARD_LIBRARIES = YES;
				BUNDLE_LOADER = "$(TEST_HOST)";
				CODE_SIGN_STYLE = Automatic;
				DEVELOPMENT_TEAM = 97KS9CMMW2;
				INFOPLIST_FILE = FinalAppTests/Info.plist;
				LD_RUNPATH_SEARCH_PATHS = (
					"$(inherited)",
					"@executable_path/Frameworks",
					"@loader_path/Frameworks",
				);
				PRODUCT_BUNDLE_IDENTIFIER = Sashreek.FinalAppTests;
				PRODUCT_NAME = "$(TARGET_NAME)";
				SWIFT_VERSION = 4.0;
				TARGETED_DEVICE_FAMILY = "1,2";
				TEST_HOST = "$(BUILT_PRODUCTS_DIR)/FinalApp.app/FinalApp";
			};
			name = Debug;
		};
		917394F820A28B8100FB5772 /* Release */ = {
			isa = XCBuildConfiguration;
			buildSettings = {
				ALWAYS_EMBED_SWIFT_STANDARD_LIBRARIES = YES;
				BUNDLE_LOADER = "$(TEST_HOST)";
				CODE_SIGN_STYLE = Automatic;
				DEVELOPMENT_TEAM = 97KS9CMMW2;
				INFOPLIST_FILE = FinalAppTests/Info.plist;
				LD_RUNPATH_SEARCH_PATHS = (
					"$(inherited)",
					"@executable_path/Frameworks",
					"@loader_path/Frameworks",
				);
				PRODUCT_BUNDLE_IDENTIFIER = Sashreek.FinalAppTests;
				PRODUCT_NAME = "$(TARGET_NAME)";
				SWIFT_VERSION = 4.0;
				TARGETED_DEVICE_FAMILY = "1,2";
				TEST_HOST = "$(BUILT_PRODUCTS_DIR)/FinalApp.app/FinalApp";
			};
			name = Release;
		};
		917394FA20A28B8100FB5772 /* Debug */ = {
			isa = XCBuildConfiguration;
			buildSettings = {
				ALWAYS_EMBED_SWIFT_STANDARD_LIBRARIES = YES;
				CODE_SIGN_STYLE = Automatic;
				DEVELOPMENT_TEAM = 97KS9CMMW2;
				INFOPLIST_FILE = FinalAppUITests/Info.plist;
				LD_RUNPATH_SEARCH_PATHS = (
					"$(inherited)",
					"@executable_path/Frameworks",
					"@loader_path/Frameworks",
				);
				PRODUCT_BUNDLE_IDENTIFIER = Sashreek.FinalAppUITests;
				PRODUCT_NAME = "$(TARGET_NAME)";
				SWIFT_VERSION = 4.0;
				TARGETED_DEVICE_FAMILY = "1,2";
				TEST_TARGET_NAME = FinalApp;
			};
			name = Debug;
		};
		917394FB20A28B8100FB5772 /* Release */ = {
			isa = XCBuildConfiguration;
			buildSettings = {
				ALWAYS_EMBED_SWIFT_STANDARD_LIBRARIES = YES;
				CODE_SIGN_STYLE = Automatic;
				DEVELOPMENT_TEAM = 97KS9CMMW2;
				INFOPLIST_FILE = FinalAppUITests/Info.plist;
				LD_RUNPATH_SEARCH_PATHS = (
					"$(inherited)",
					"@executable_path/Frameworks",
					"@loader_path/Frameworks",
				);
				PRODUCT_BUNDLE_IDENTIFIER = Sashreek.FinalAppUITests;
				PRODUCT_NAME = "$(TARGET_NAME)";
				SWIFT_VERSION = 4.0;
				TARGETED_DEVICE_FAMILY = "1,2";
				TEST_TARGET_NAME = FinalApp;
			};
			name = Release;
		};
/* End XCBuildConfiguration section */

/* Begin XCConfigurationList section */
		917394C620A28B7F00FB5772 /* Build configuration list for PBXProject "FinalApp" */ = {
			isa = XCConfigurationList;
			buildConfigurations = (
				917394F120A28B8100FB5772 /* Debug */,
				917394F220A28B8100FB5772 /* Release */,
			);
			defaultConfigurationIsVisible = 0;
			defaultConfigurationName = Release;
		};
		917394F320A28B8100FB5772 /* Build configuration list for PBXNativeTarget "FinalApp" */ = {
			isa = XCConfigurationList;
			buildConfigurations = (
				917394F420A28B8100FB5772 /* Debug */,
				917394F520A28B8100FB5772 /* Release */,
			);
			defaultConfigurationIsVisible = 0;
			defaultConfigurationName = Release;
		};
		917394F620A28B8100FB5772 /* Build configuration list for PBXNativeTarget "FinalAppTests" */ = {
			isa = XCConfigurationList;
			buildConfigurations = (
				917394F720A28B8100FB5772 /* Debug */,
				917394F820A28B8100FB5772 /* Release */,
			);
			defaultConfigurationIsVisible = 0;
			defaultConfigurationName = Release;
		};
		917394F920A28B8100FB5772 /* Build configuration list for PBXNativeTarget "FinalAppUITests" */ = {
			isa = XCConfigurationList;
			buildConfigurations = (
				917394FA20A28B8100FB5772 /* Debug */,
				917394FB20A28B8100FB5772 /* Release */,
			);
			defaultConfigurationIsVisible = 0;
			defaultConfigurationName = Release;
		};
/* End XCConfigurationList section */
	};
	rootObject = 917394C320A28B7F00FB5772 /* Project object */;
}
